
Microsoft Visual Studio Solution File, Format Version 12.00
# Visual Studio Version 17
VisualStudioVersion = 17.11.35111.106
MinimumVisualStudioVersion = 10.0.40219.1
Project("{9A19103F-16F7-4668-BE54-9A1E7A4F7556}") = "Knowit.Umbraco.TranslationManager.V2", "src\Knowit.Umbraco.TranslationManager.V2\Knowit.Umbraco.TranslationManager.V2.csproj", "{98682889-2E61-4F04-92C8-A3164388C8D7}"
EndProject
Project("{9A19103F-16F7-4668-BE54-9A1E7A4F7556}") = "Knowit.Umbraco.TranslationManager.V2.TestSite", "testsite\Knowit.Umbraco.TranslationManager.V2.TestSite\Knowit.Umbraco.TranslationManager.V2.TestSite.csproj", "{0631FE8D-3125-4A54-AC0D-48F26E268131}"
EndProject
Global
	GlobalSection(SolutionConfigurationPlatforms) = preSolution
		Debug|Any CPU = Debug|Any CPU
		Release|Any CPU = Release|Any CPU
	EndGlobalSection
	GlobalSection(ProjectConfigurationPlatforms) = postSolution
		{98682889-2E61-4F04-92C8-A3164388C8D7}.Debug|Any CPU.ActiveCfg = Debug|Any CPU
		{98682889-2E61-4F04-92C8-A3164388C8D7}.Debug|Any CPU.Build.0 = Debug|Any CPU
		{98682889-2E61-4F04-92C8-A3164388C8D7}.Release|Any CPU.ActiveCfg = Release|Any CPU
		{98682889-2E61-4F04-92C8-A3164388C8D7}.Release|Any CPU.Build.0 = Release|Any CPU
		{0631FE8D-3125-4A54-AC0D-48F26E268131}.Debug|Any CPU.ActiveCfg = Debug|Any CPU
		{0631FE8D-3125-4A54-AC0D-48F26E268131}.Debug|Any CPU.Build.0 = Debug|Any CPU
		{0631FE8D-3125-4A54-AC0D-48F26E268131}.Release|Any CPU.ActiveCfg = Release|Any CPU
		{0631FE8D-3125-4A54-AC0D-48F26E268131}.Release|Any CPU.Build.0 = Release|Any CPU
	EndGlobalSection
	GlobalSection(SolutionProperties) = preSolution
		HideSolutionNode = FALSE
	EndGlobalSection
EndGlobal
